
Microsoft Visual Studio Solution File, Format Version 12.00
# Visual Studio 2012
Project("{FAE04EC0-301F-11D3-BF4B-00C04F79EFBC}") = "Calculate", "Calculate\Calculate.csproj", "{A5E44DEF-91C0-40CB-B29A-A694AE215F16}"
EndProject
Project("{FAE04EC0-301F-11D3-BF4B-00C04F79EFBC}") = "Calculate.Core", "Calculate.Core\Calculate.Core.csproj", "{DB0F3608-96E3-4E38-AE66-2E0995F05668}"
EndProject
Project("{FAE04EC0-301F-11D3-BF4B-00C04F79EFBC}") = "Calculate.Core.Tests", "Calculate.Core.Tests\Calculate.Core.Tests.csproj", "{CF09039A-B4F7-4986-83C1-B358C1EA4349}"
EndProject
Project("{2150E333-8FDC-42A3-9474-1A3956D46DE8}") = "Documents", "Documents", "{A1200A28-0E61-46C0-A35F-A4B32828C79E}"
	ProjectSection(SolutionItems) = preProject
		Documents\FormalGrammar.txt = Documents\FormalGrammar.txt
	EndProjectSection
EndProject
Global
	GlobalSection(SolutionConfigurationPlatforms) = preSolution
		Debug|Any CPU = Debug|Any CPU
		Release|Any CPU = Release|Any CPU
	EndGlobalSection
	GlobalSection(ProjectConfigurationPlatforms) = postSolution
		{A5E44DEF-91C0-40CB-B29A-A694AE215F16}.Debug|Any CPU.ActiveCfg = Debug|Any CPU
		{A5E44DEF-91C0-40CB-B29A-A694AE215F16}.Debug|Any CPU.Build.0 = Debug|Any CPU
		{A5E44DEF-91C0-40CB-B29A-A694AE215F16}.Release|Any CPU.ActiveCfg = Release|Any CPU
		{A5E44DEF-91C0-40CB-B29A-A694AE215F16}.Release|Any CPU.Build.0 = Release|Any CPU
		{DB0F3608-96E3-4E38-AE66-2E0995F05668}.Debug|Any CPU.ActiveCfg = Debug|Any CPU
		{DB0F3608-96E3-4E38-AE66-2E0995F05668}.Debug|Any CPU.Build.0 = Debug|Any CPU
		{DB0F3608-96E3-4E38-AE66-2E0995F05668}.Release|Any CPU.ActiveCfg = Release|Any CPU
		{DB0F3608-96E3-4E38-AE66-2E0995F05668}.Release|Any CPU.Build.0 = Release|Any CPU
		{CF09039A-B4F7-4986-83C1-B358C1EA4349}.Debug|Any CPU.ActiveCfg = Debug|Any CPU
		{CF09039A-B4F7-4986-83C1-B358C1EA4349}.Debug|Any CPU.Build.0 = Debug|Any CPU
		{CF09039A-B4F7-4986-83C1-B358C1EA4349}.Release|Any CPU.ActiveCfg = Release|Any CPU
		{CF09039A-B4F7-4986-83C1-B358C1EA4349}.Release|Any CPU.Build.0 = Release|Any CPU
	EndGlobalSection
	GlobalSection(SolutionProperties) = preSolution
		HideSolutionNode = FALSE
	EndGlobalSection
EndGlobal
